
Microsoft Visual Studio Solution File, Format Version 12.00
# Visual Studio Version 17
VisualStudioVersion = 17.9.34607.119
MinimumVisualStudioVersion = 10.0.40219.1
Project("{FAE04EC0-301F-11D3-BF4B-00C04F79EFBC}") = "SplitBill_Library", "SplitBill_Library\SplitBill_Library.csproj", "{29E55DCC-A62A-4ECA-9AD5-DAEC22310F51}"
EndProject
Project("{FAE04EC0-301F-11D3-BF4B-00C04F79EFBC}") = "SplitBill_Tests", "SplitBill_Tests\SplitBill_Tests.csproj", "{2D126DDD-6D1D-4D46-97CE-52236BBBB6F7}"
EndProject
Global
	GlobalSection(SolutionConfigurationPlatforms) = preSolution
		Debug|Any CPU = Debug|Any CPU
		Release|Any CPU = Release|Any CPU
	EndGlobalSection
	GlobalSection(ProjectConfigurationPlatforms) = postSolution
		{29E55DCC-A62A-4ECA-9AD5-DAEC22310F51}.Debug|Any CPU.ActiveCfg = Debug|Any CPU
		{29E55DCC-A62A-4ECA-9AD5-DAEC22310F51}.Debug|Any CPU.Build.0 = Debug|Any CPU
		{29E55DCC-A62A-4ECA-9AD5-DAEC22310F51}.Release|Any CPU.ActiveCfg = Release|Any CPU
		{29E55DCC-A62A-4ECA-9AD5-DAEC22310F51}.Release|Any CPU.Build.0 = Release|Any CPU
		{2D126DDD-6D1D-4D46-97CE-52236BBBB6F7}.Debug|Any CPU.ActiveCfg = Debug|Any CPU
		{2D126DDD-6D1D-4D46-97CE-52236BBBB6F7}.Debug|Any CPU.Build.0 = Debug|Any CPU
		{2D126DDD-6D1D-4D46-97CE-52236BBBB6F7}.Release|Any CPU.ActiveCfg = Release|Any CPU
		{2D126DDD-6D1D-4D46-97CE-52236BBBB6F7}.Release|Any CPU.Build.0 = Release|Any CPU
	EndGlobalSection
	GlobalSection(SolutionProperties) = preSolution
		HideSolutionNode = FALSE
	EndGlobalSection
	GlobalSection(ExtensibilityGlobals) = postSolution
		SolutionGuid = {3177ECB3-671A-4E1B-B29F-1CFD97609B9E}
	EndGlobalSection
EndGlobal
